
Microsoft Visual Studio Solution File, Format Version 12.00
# Visual Studio Version 17
VisualStudioVersion = 17.14.36301.6
MinimumVisualStudioVersion = 10.0.40219.1
Project("{FAE04EC0-301F-11D3-BF4B-00C04F79EFBC}") = "BlazorPortfolio.Client", "BlazorPortfolio.Client\BlazorPortfolio.Client.csproj", "{9D8F9511-1522-4E26-8279-62BD9BF64C65}"
EndProject
Global
	GlobalSection(SolutionConfigurationPlatforms) = preSolution
		Debug|Any CPU = Debug|Any CPU
		Release|Any CPU = Release|Any CPU
	EndGlobalSection
	GlobalSection(ProjectConfigurationPlatforms) = postSolution
		{9D8F9511-1522-4E26-8279-62BD9BF64C65}.Debug|Any CPU.ActiveCfg = Debug|Any CPU
		{9D8F9511-1522-4E26-8279-62BD9BF64C65}.Debug|Any CPU.Build.0 = Debug|Any CPU
		{9D8F9511-1522-4E26-8279-62BD9BF64C65}.Release|Any CPU.ActiveCfg = Release|Any CPU
		{9D8F9511-1522-4E26-8279-62BD9BF64C65}.Release|Any CPU.Build.0 = Release|Any CPU
	EndGlobalSection
	GlobalSection(SolutionProperties) = preSolution
		HideSolutionNode = FALSE
	EndGlobalSection
	GlobalSection(ExtensibilityGlobals) = postSolution
		SolutionGuid = {89C81754-9CA7-47DA-BE1D-F5D7D8B5D70A}
	EndGlobalSection
EndGlobal
